
Microsoft Visual Studio Solution File, Format Version 12.00
# Visual Studio Version 17
VisualStudioVersion = 17.11.35208.52
MinimumVisualStudioVersion = 10.0.40219.1
Project("{FAE04EC0-301F-11D3-BF4B-00C04F79EFBC}") = "BaiTap05", "BaiTap05\BaiTap05.csproj", "{8FCBACC6-6E48-4447-8872-26541A6B63AF}"
EndProject
Global
	GlobalSection(SolutionConfigurationPlatforms) = preSolution
		Debug|Any CPU = Debug|Any CPU
		Release|Any CPU = Release|Any CPU
	EndGlobalSection
	GlobalSection(ProjectConfigurationPlatforms) = postSolution
		{8FCBACC6-6E48-4447-8872-26541A6B63AF}.Debug|Any CPU.ActiveCfg = Debug|Any CPU
		{8FCBACC6-6E48-4447-8872-26541A6B63AF}.Debug|Any CPU.Build.0 = Debug|Any CPU
		{8FCBACC6-6E48-4447-8872-26541A6B63AF}.Release|Any CPU.ActiveCfg = Release|Any CPU
		{8FCBACC6-6E48-4447-8872-26541A6B63AF}.Release|Any CPU.Build.0 = Release|Any CPU
	EndGlobalSection
	GlobalSection(SolutionProperties) = preSolution
		HideSolutionNode = FALSE
	EndGlobalSection
	GlobalSection(ExtensibilityGlobals) = postSolution
		SolutionGuid = {F49EE3D6-7721-4963-84F9-AD7B4E766C8D}
	EndGlobalSection
EndGlobal
